definitions:
  config:
    /hippo:namespaces/hee/imageBlock:
      jcr:primaryType: hipposysedit:templatetype
      jcr:mixinTypes: ['editor:editable', 'mix:referenceable']
      jcr:uuid: c718e3df-4464-42ee-a695-69260f0f1c65
      /hipposysedit:nodetype:
        jcr:primaryType: hippo:handle
        jcr:mixinTypes: ['mix:referenceable']
        jcr:uuid: c060655f-f95b-4939-b1cc-98cfe03dc703
        /hipposysedit:nodetype:
          jcr:primaryType: hipposysedit:nodetype
          jcr:mixinTypes: ['mix:referenceable', 'hipposysedit:remodel']
          jcr:uuid: a595a0e9-af20-46b7-8c7a-1ec25ae5a06d
          hipposysedit:node: true
          hipposysedit:supertype: ['hippo:compound', 'hippostd:relaxed']
          hipposysedit:uri: http://www.heecmsplatform.com/hee/nt/1.0
          /caption:
            jcr:primaryType: hipposysedit:field
            hipposysedit:mandatory: false
            hipposysedit:multiple: false
            hipposysedit:ordered: false
            hipposysedit:path: hee:caption
            hipposysedit:primary: false
            hipposysedit:type: String
          /image:
            jcr:primaryType: hipposysedit:field
            hipposysedit:mandatory: false
            hipposysedit:multiple: false
            hipposysedit:ordered: false
            hipposysedit:path: hee:image
            hipposysedit:primary: false
            hipposysedit:type: hippogallerypicker:imagelink
            hipposysedit:validators: [required]
      /hipposysedit:prototypes:
        jcr:primaryType: hipposysedit:prototypeset
        /hipposysedit:prototype:
          jcr:primaryType: hee:imageBlock
          hee:caption: ''
          /hee:image:
            jcr:primaryType: hippogallerypicker:imagelink
            hippo:docbase: cafebabe-cafe-babe-cafe-babecafebabe
            hippo:facets: []
            hippo:modes: []
            hippo:values: []
      /editor:templates:
        jcr:primaryType: editor:templateset
        /_default_:
          jcr:primaryType: frontend:plugincluster
          frontend:properties: [mode]
          frontend:references: [wicket.model, model.compareTo, engine, validator.id]
          frontend:services: [wicket.id, validator.id]
          /root:
            jcr:primaryType: frontend:plugin
            item: ${cluster.id}.field
            plugin.class: org.hippoecm.frontend.service.render.ListViewPlugin
          /image:
            jcr:primaryType: frontend:plugin
            caption: Image
            field: image
            hint: Select an image
            plugin.class: org.hippoecm.frontend.editor.plugins.field.NodeFieldPlugin
            wicket.id: ${cluster.id}.field
            /cluster.options:
              jcr:primaryType: frontend:pluginconfig
              nodetypes: ['hee:imagesetWithCaption']
          /caption:
            jcr:primaryType: frontend:plugin
            caption: Caption
            field: caption
            hint: Enter text to be displayed under the image on the page
            plugin.class: org.hippoecm.frontend.editor.plugins.field.PropertyFieldPlugin
            wicket.id: ${cluster.id}.field
            /cluster.options:
              jcr:primaryType: frontend:pluginconfig
