definitions:
  config:
    /hippo:namespaces/hee/richTextBlock:
      jcr:primaryType: hipposysedit:templatetype
      jcr:mixinTypes: ['editor:editable', 'mix:referenceable']
      jcr:uuid: ed63aeec-776e-48dd-befa-929f7d099457
      /hipposysedit:nodetype:
        jcr:primaryType: hippo:handle
        jcr:mixinTypes: ['mix:referenceable']
        jcr:uuid: e46c8808-111d-447f-a450-c685ab72e032
        /hipposysedit:nodetype:
          jcr:primaryType: hipposysedit:nodetype
          jcr:mixinTypes: ['hipposysedit:remodel', 'mix:referenceable']
          jcr:uuid: dc65ebab-4b48-403a-826c-d472d9a2bf7b
          hipposysedit:node: true
          hipposysedit:supertype: ['hee:basedocument', 'hippostd:relaxed', 'hippotranslation:translated']
          hipposysedit:uri: http://www.heecmsplatform.com/hee/nt/1.0
          /html:
            jcr:primaryType: hipposysedit:field
            hipposysedit:mandatory: false
            hipposysedit:multiple: false
            hipposysedit:ordered: false
            hipposysedit:path: hee:html
            hipposysedit:primary: false
            hipposysedit:type: hippostd:html
            hipposysedit:validators: [required]
      /hipposysedit:prototypes:
        jcr:primaryType: hipposysedit:prototypeset
        /hipposysedit:prototype:
          jcr:primaryType: hee:richTextBlock
          jcr:mixinTypes: ['mix:referenceable']
          jcr:uuid: f575a1dc-4c6d-4090-8ed0-61d0b79b238a
          hippostd:holder: holder
          hippostd:state: draft
          hippostdpubwf:createdBy: ''
          hippostdpubwf:creationDate: 2021-04-15T09:22:58.236+07:00
          hippostdpubwf:lastModificationDate: 2021-04-15T09:22:58.236+07:00
          hippostdpubwf:lastModifiedBy: ''
          hippotranslation:id: document-type-locale-id
          hippotranslation:locale: document-type-locale
          /hee:html:
            jcr:primaryType: hippostd:html
            hippostd:content: ''
      /editor:templates:
        jcr:primaryType: editor:templateset
        /_default_:
          jcr:primaryType: frontend:plugincluster
          frontend:properties: [mode]
          frontend:references: [wicket.model, model.compareTo, engine, validator.id]
          frontend:services: [wicket.id, validator.id]
          /root:
            jcr:primaryType: frontend:plugin
            item: ${cluster.id}.field
            plugin.class: org.hippoecm.frontend.service.render.ListViewPlugin
          /html:
            jcr:primaryType: frontend:plugin
            caption: HTML
            field: html
            hint: ''
            plugin.class: org.hippoecm.frontend.editor.plugins.field.NodeFieldPlugin
            wicket.id: ${cluster.id}.field
            /cluster.options:
              jcr:primaryType: frontend:pluginconfig
