definitions:
  config:
    /hippo:namespaces/hee/StatementBlock:
      jcr:primaryType: hipposysedit:templatetype
      jcr:mixinTypes: ['editor:editable', 'mix:referenceable']
      jcr:uuid: 234084e7-4659-466e-a6c7-2ac6237fc094
      /hipposysedit:nodetype:
        jcr:primaryType: hippo:handle
        jcr:mixinTypes: ['mix:referenceable']
        jcr:uuid: 2d86d2d6-4eb2-445d-bdcf-95ec99ace4f0
        /hipposysedit:nodetype:
          jcr:primaryType: hipposysedit:nodetype
          jcr:mixinTypes: ['hipposysedit:remodel', 'mix:referenceable']
          jcr:uuid: 9c3fdc57-79ee-4e43-80e4-1a44ec9b4ccf
          hipposysedit:node: true
          hipposysedit:supertype: ['hippo:compound', 'hippostd:relaxed']
          hipposysedit:uri: http://www.heecmsplatform.com/hee/nt/1.0
          /string:
            jcr:primaryType: hipposysedit:field
            hipposysedit:mandatory: false
            hipposysedit:multiple: false
            hipposysedit:ordered: false
            hipposysedit:path: hee:title
            hipposysedit:primary: false
            hipposysedit:type: String
            hipposysedit:validators: [required]
          /richStatement:
            jcr:primaryType: hipposysedit:field
            hipposysedit:mandatory: false
            hipposysedit:multiple: false
            hipposysedit:ordered: false
            hipposysedit:path: hee:richStatement
            hipposysedit:primary: false
            hipposysedit:type: hippostd:html
            hipposysedit:validators: [required]
      /hipposysedit:prototypes:
        jcr:primaryType: hipposysedit:prototypeset
        /hipposysedit:prototype:
          jcr:primaryType: hee:StatementBlock
          hee:title: ''
          /hee:richStatement:
            jcr:primaryType: hippostd:html
            hippostd:content: ''
      /editor:templates:
        jcr:primaryType: editor:templateset
        /_default_:
          jcr:primaryType: frontend:plugincluster
          frontend:properties: [mode]
          frontend:references: [wicket.model, model.compareTo, engine, validator.id]
          frontend:services: [wicket.id, validator.id]
          /root:
            jcr:primaryType: frontend:plugin
            item: ${cluster.id}.field
            plugin.class: org.hippoecm.frontend.service.render.ListViewPlugin
          /title:
            jcr:primaryType: frontend:plugin
            caption: Title
            field: string
            hint: ''
            plugin.class: org.hippoecm.frontend.editor.plugins.field.PropertyFieldPlugin
            wicket.id: ${cluster.id}.field
            /cluster.options:
              jcr:primaryType: frontend:pluginconfig
          /richStatement:
            jcr:primaryType: frontend:plugin
            caption: Statement
            field: richStatement
            hint: ''
            plugin.class: org.hippoecm.frontend.editor.plugins.field.NodeFieldPlugin
            wicket.id: ${cluster.id}.field
            /cluster.options:
              jcr:primaryType: frontend:pluginconfig
